
Microsoft Visual Studio Solution File, Format Version 11.00
# Visual Studio 2010
Project("{8BC9CEB8-8B4A-11D0-8D11-00A0C91BC942}") = "Lekcja1Listy", "Lekcja1Listy\Lekcja1Listy.vcxproj", "{559DDCB7-17D5-4D3C-8CCD-E6BF2AFBD070}"
EndProject
Global
	GlobalSection(SolutionConfigurationPlatforms) = preSolution
		Debug|Win32 = Debug|Win32
		Release|Win32 = Release|Win32
	EndGlobalSection
	GlobalSection(ProjectConfigurationPlatforms) = postSolution
		{559DDCB7-17D5-4D3C-8CCD-E6BF2AFBD070}.Debug|Win32.ActiveCfg = Debug|Win32
		{559DDCB7-17D5-4D3C-8CCD-E6BF2AFBD070}.Debug|Win32.Build.0 = Debug|Win32
		{559DDCB7-17D5-4D3C-8CCD-E6BF2AFBD070}.Release|Win32.ActiveCfg = Release|Win32
		{559DDCB7-17D5-4D3C-8CCD-E6BF2AFBD070}.Release|Win32.Build.0 = Release|Win32
	EndGlobalSection
	GlobalSection(SolutionProperties) = preSolution
		HideSolutionNode = FALSE
	EndGlobalSection
EndGlobal
